
Microsoft Visual Studio Solution File, Format Version 12.00
# Visual Studio Version 16
VisualStudioVersion = 16.0.30225.117
MinimumVisualStudioVersion = 10.0.40219.1
Project("{8BC9CEB8-8B4A-11D0-8D11-00A0C91BC942}") = "Packer", "Packer\Packer.vcxproj", "{BDFCC405-999A-4E30-9ED4-7435577362B6}"
EndProject
Project("{8BC9CEB8-8B4A-11D0-8D11-00A0C91BC942}") = "Packdll", "Packdll\Packdll.vcxproj", "{114CF4F7-41CF-4048-923C-A15EEE96F0ED}"
EndProject
Project("{8BC9CEB8-8B4A-11D0-8D11-00A0C91BC942}") = "Help", "Help\Help.vcxproj", "{2280E70E-4A2D-4962-9000-16FFD5D6F703}"
EndProject
Global
	GlobalSection(SolutionConfigurationPlatforms) = preSolution
		Debug|Win32 = Debug|Win32
		Debug|x64 = Debug|x64
		Release|Win32 = Release|Win32
		Release|x64 = Release|x64
	EndGlobalSection
	GlobalSection(ProjectConfigurationPlatforms) = postSolution
		{BDFCC405-999A-4E30-9ED4-7435577362B6}.Debug|Win32.ActiveCfg = Debug|Win32
		{BDFCC405-999A-4E30-9ED4-7435577362B6}.Debug|Win32.Build.0 = Debug|Win32
		{BDFCC405-999A-4E30-9ED4-7435577362B6}.Debug|x64.ActiveCfg = Debug|Win32
		{BDFCC405-999A-4E30-9ED4-7435577362B6}.Release|Win32.ActiveCfg = Release|Win32
		{BDFCC405-999A-4E30-9ED4-7435577362B6}.Release|Win32.Build.0 = Release|Win32
		{BDFCC405-999A-4E30-9ED4-7435577362B6}.Release|x64.ActiveCfg = Release|Win32
		{114CF4F7-41CF-4048-923C-A15EEE96F0ED}.Debug|Win32.ActiveCfg = Debug|Win32
		{114CF4F7-41CF-4048-923C-A15EEE96F0ED}.Debug|Win32.Build.0 = Debug|Win32
		{114CF4F7-41CF-4048-923C-A15EEE96F0ED}.Debug|x64.ActiveCfg = Debug|Win32
		{114CF4F7-41CF-4048-923C-A15EEE96F0ED}.Release|Win32.ActiveCfg = Release|Win32
		{114CF4F7-41CF-4048-923C-A15EEE96F0ED}.Release|Win32.Build.0 = Release|Win32
		{114CF4F7-41CF-4048-923C-A15EEE96F0ED}.Release|x64.ActiveCfg = Release|Win32
		{2280E70E-4A2D-4962-9000-16FFD5D6F703}.Debug|Win32.ActiveCfg = Debug|Win32
		{2280E70E-4A2D-4962-9000-16FFD5D6F703}.Debug|Win32.Build.0 = Debug|Win32
		{2280E70E-4A2D-4962-9000-16FFD5D6F703}.Debug|x64.ActiveCfg = Debug|x64
		{2280E70E-4A2D-4962-9000-16FFD5D6F703}.Debug|x64.Build.0 = Debug|x64
		{2280E70E-4A2D-4962-9000-16FFD5D6F703}.Release|Win32.ActiveCfg = Release|Win32
		{2280E70E-4A2D-4962-9000-16FFD5D6F703}.Release|Win32.Build.0 = Release|Win32
		{2280E70E-4A2D-4962-9000-16FFD5D6F703}.Release|x64.ActiveCfg = Release|x64
		{2280E70E-4A2D-4962-9000-16FFD5D6F703}.Release|x64.Build.0 = Release|x64
	EndGlobalSection
	GlobalSection(SolutionProperties) = preSolution
		HideSolutionNode = FALSE
	EndGlobalSection
	GlobalSection(ExtensibilityGlobals) = postSolution
		SolutionGuid = {C47FFB29-B24F-4F53-B970-7E8802160D6B}
	EndGlobalSection
EndGlobal
